
Microsoft Visual Studio Solution File, Format Version 12.00
# Visual Studio 15
VisualStudioVersion = 15.0.28307.705
MinimumVisualStudioVersion = 10.0.40219.1
Project("{FAE04EC0-301F-11D3-BF4B-00C04F79EFBC}") = "File_Converter", "File_Converter\File_Converter.csproj", "{73F76DA0-66DF-4DCA-B261-BA0A407766C8}"
EndProject
Project("{FAE04EC0-301F-11D3-BF4B-00C04F79EFBC}") = "File_Converter_Console", "File_Converter_Console\File_Converter_Console.csproj", "{FBE68398-6059-4A28-9ABC-454ECCAB5741}"
EndProject
Global
	GlobalSection(SolutionConfigurationPlatforms) = preSolution
		Debug|Any CPU = Debug|Any CPU
		Release|Any CPU = Release|Any CPU
	EndGlobalSection
	GlobalSection(ProjectConfigurationPlatforms) = postSolution
		{73F76DA0-66DF-4DCA-B261-BA0A407766C8}.Debug|Any CPU.ActiveCfg = Debug|Any CPU
		{73F76DA0-66DF-4DCA-B261-BA0A407766C8}.Debug|Any CPU.Build.0 = Debug|Any CPU
		{73F76DA0-66DF-4DCA-B261-BA0A407766C8}.Release|Any CPU.ActiveCfg = Release|Any CPU
		{73F76DA0-66DF-4DCA-B261-BA0A407766C8}.Release|Any CPU.Build.0 = Release|Any CPU
		{FBE68398-6059-4A28-9ABC-454ECCAB5741}.Debug|Any CPU.ActiveCfg = Debug|Any CPU
		{FBE68398-6059-4A28-9ABC-454ECCAB5741}.Debug|Any CPU.Build.0 = Debug|Any CPU
		{FBE68398-6059-4A28-9ABC-454ECCAB5741}.Release|Any CPU.ActiveCfg = Release|Any CPU
		{FBE68398-6059-4A28-9ABC-454ECCAB5741}.Release|Any CPU.Build.0 = Release|Any CPU
	EndGlobalSection
	GlobalSection(SolutionProperties) = preSolution
		HideSolutionNode = FALSE
	EndGlobalSection
	GlobalSection(ExtensibilityGlobals) = postSolution
		SolutionGuid = {2F8493F7-24B1-49C8-8850-D74B824F38B9}
	EndGlobalSection
EndGlobal
